// !$*UTF8*$!
{
	archiveVersion = 1;
	classes = {
	};
	objectVersion = 50;
	objects = {

/* Begin PBXBuildFile section */
		6B3EDF4D267D0FE100198C87 /* AppDelegate.swift in Sources */ = {isa = PBXBuildFile; fileRef = 6B3EDF4C267D0FE100198C87 /* AppDelegate.swift */; };
		6B3EDF4F267D0FE100198C87 /* SceneDelegate.swift in Sources */ = {isa = PBXBuildFile; fileRef = 6B3EDF4E267D0FE100198C87 /* SceneDelegate.swift */; };
		6B3EDF51267D0FE100198C87 /* ViewController.swift in Sources */ = {isa = PBXBuildFile; fileRef = 6B3EDF50267D0FE100198C87 /* ViewController.swift */; };
		6B3EDF54267D0FE100198C87 /* Main.storyboard in Resources */ = {isa = PBXBuildFile; fileRef = 6B3EDF52267D0FE100198C87 /* Main.storyboard */; };
		6B3EDF56267D0FE400198C87 /* Assets.xcassets in Resources */ = {isa = PBXBuildFile; fileRef = 6B3EDF55267D0FE400198C87 /* Assets.xcassets */; };
		6B3EDF59267D0FE400198C87 /* LaunchScreen.storyboard in Resources */ = {isa = PBXBuildFile; fileRef = 6B3EDF57267D0FE400198C87 /* LaunchScreen.storyboard */; };
		6B3EDF64267D0FE400198C87 /* SmartNotepadTests.swift in Sources */ = {isa = PBXBuildFile; fileRef = 6B3EDF63267D0FE400198C87 /* SmartNotepadTests.swift */; };
		6B3EDF6F267D0FE500198C87 /* SmartNotepadUITests.swift in Sources */ = {isa = PBXBuildFile; fileRef = 6B3EDF6E267D0FE500198C87 /* SmartNotepadUITests.swift */; };
/* End PBXBuildFile section */

/* Begin PBXContainerItemProxy section */
		6B3EDF60267D0FE400198C87 /* PBXContainerItemProxy */ = {
			isa = PBXContainerItemProxy;
			containerPortal = 6B3EDF41267D0FE100198C87 /* Project object */;
			proxyType = 1;
			remoteGlobalIDString = 6B3EDF48267D0FE100198C87;
			remoteInfo = SmartNotepad;
		};
		6B3EDF6B267D0FE500198C87 /* PBXContainerItemProxy */ = {
			isa = PBXContainerItemProxy;
			containerPortal = 6B3EDF41267D0FE100198C87 /* Project object */;
			proxyType = 1;
			remoteGlobalIDString = 6B3EDF48267D0FE100198C87;
			remoteInfo = SmartNotepad;
		};
/* End PBXContainerItemProxy section */

/* Begin PBXFileReference section */
		6B3EDF49267D0FE100198C87 /* SmartNotepad.app */ = {isa = PBXFileReference; explicitFileType = wrapper.application; includeInIndex = 0; path = SmartNotepad.app; sourceTree = BUILT_PRODUCTS_DIR; };
		6B3EDF4C267D0FE100198C87 /* AppDelegate.swift */ = {isa = PBXFileReference; lastKnownFileType = sourcecode.swift; path = AppDelegate.swift; sourceTree = "<group>"; };
		6B3EDF4E267D0FE100198C87 /* SceneDelegate.swift */ = {isa = PBXFileReference; lastKnownFileType = sourcecode.swift; path = SceneDelegate.swift; sourceTree = "<group>"; };
		6B3EDF50267D0FE100198C87 /* ViewController.swift */ = {isa = PBXFileReference; lastKnownFileType = sourcecode.swift; path = ViewController.swift; sourceTree = "<group>"; };
		6B3EDF53267D0FE100198C87 /* Base */ = {isa = PBXFileReference; lastKnownFileType = file.storyboard; name = Base; path = Base.lproj/Main.storyboard; sourceTree = "<group>"; };
		6B3EDF55267D0FE400198C87 /* Assets.xcassets */ = {isa = PBXFileReference; lastKnownFileType = folder.assetcatalog; path = Assets.xcassets; sourceTree = "<group>"; };
		6B3EDF58267D0FE400198C87 /* Base */ = {isa = PBXFileReference; lastKnownFileType = file.storyboard; name = Base; path = Base.lproj/LaunchScreen.storyboard; sourceTree = "<group>"; };
		6B3EDF5A267D0FE400198C87 /* Info.plist */ = {isa = PBXFileReference; lastKnownFileType = text.plist.xml; path = Info.plist; sourceTree = "<group>"; };
		6B3EDF5F267D0FE400198C87 /* SmartNotepadTests.xctest */ = {isa = PBXFileReference; explicitFileType = wrapper.cfbundle; includeInIndex = 0; path = SmartNotepadTests.xctest; sourceTree = BUILT_PRODUCTS_DIR; };
		6B3EDF63267D0FE400198C87 /* SmartNotepadTests.swift */ = {isa = PBXFileReference; lastKnownFileType = sourcecode.swift; path = SmartNotepadTests.swift; sourceTree = "<group>"; };
		6B3EDF65267D0FE400198C87 /* Info.plist */ = {isa = PBXFileReference; lastKnownFileType = text.plist.xml; path = Info.plist; sourceTree = "<group>"; };
		6B3EDF6A267D0FE500198C87 /* SmartNotepadUITests.xctest */ = {isa = PBXFileReference; explicitFileType = wrapper.cfbundle; includeInIndex = 0; path = SmartNotepadUITests.xctest; sourceTree = BUILT_PRODUCTS_DIR; };
		6B3EDF6E267D0FE500198C87 /* SmartNotepadUITests.swift */ = {isa = PBXFileReference; lastKnownFileType = sourcecode.swift; path = SmartNotepadUITests.swift; sourceTree = "<group>"; };
		6B3EDF70267D0FE500198C87 /* Info.plist */ = {isa = PBXFileReference; lastKnownFileType = text.plist.xml; path = Info.plist; sourceTree = "<group>"; };
/* End PBXFileReference section */

/* Begin PBXFrameworksBuildPhase section */
		6B3EDF46267D0FE100198C87 /* Frameworks */ = {
			isa = PBXFrameworksBuildPhase;
			buildActionMask = 2147483647;
			files = (
			);
			runOnlyForDeploymentPostprocessing = 0;
		};
		6B3EDF5C267D0FE400198C87 /* Frameworks */ = {
			isa = PBXFrameworksBuildPhase;
			buildActionMask = 2147483647;
			files = (
			);
			runOnlyForDeploymentPostprocessing = 0;
		};
		6B3EDF67267D0FE500198C87 /* Frameworks */ = {
			isa = PBXFrameworksBuildPhase;
			buildActionMask = 2147483647;
			files = (
			);
			runOnlyForDeploymentPostprocessing = 0;
		};
/* End PBXFrameworksBuildPhase section */

/* Begin PBXGroup section */
		6B3EDF40267D0FE100198C87 = {
			isa = PBXGroup;
			children = (
				6B3EDF4B267D0FE100198C87 /* SmartNotepad */,
				6B3EDF62267D0FE400198C87 /* SmartNotepadTests */,
				6B3EDF6D267D0FE500198C87 /* SmartNotepadUITests */,
				6B3EDF4A267D0FE100198C87 /* Products */,
			);
			sourceTree = "<group>";
		};
		6B3EDF4A267D0FE100198C87 /* Products */ = {
			isa = PBXGroup;
			children = (
				6B3EDF49267D0FE100198C87 /* SmartNotepad.app */,
				6B3EDF5F267D0FE400198C87 /* SmartNotepadTests.xctest */,
				6B3EDF6A267D0FE500198C87 /* SmartNotepadUITests.xctest */,
			);
			name = Products;
			sourceTree = "<group>";
		};
		6B3EDF4B267D0FE100198C87 /* SmartNotepad */ = {
			isa = PBXGroup;
			children = (
				6B3EDF4C267D0FE100198C87 /* AppDelegate.swift */,
				6B3EDF4E267D0FE100198C87 /* SceneDelegate.swift */,
				6B3EDF50267D0FE100198C87 /* ViewController.swift */,
				6B3EDF52267D0FE100198C87 /* Main.storyboard */,
				6B3EDF55267D0FE400198C87 /* Assets.xcassets */,
				6B3EDF57267D0FE400198C87 /* LaunchScreen.storyboard */,
				6B3EDF5A267D0FE400198C87 /* Info.plist */,
			);
			path = SmartNotepad;
			sourceTree = "<group>";
		};
		6B3EDF62267D0FE400198C87 /* SmartNotepadTests */ = {
			isa = PBXGroup;
			children = (
				6B3EDF63267D0FE400198C87 /* SmartNotepadTests.swift */,
				6B3EDF65267D0FE400198C87 /* Info.plist */,
			);
			path = SmartNotepadTests;
			sourceTree = "<group>";
		};
		6B3EDF6D267D0FE500198C87 /* SmartNotepadUITests */ = {
			isa = PBXGroup;
			children = (
				6B3EDF6E267D0FE500198C87 /* SmartNotepadUITests.swift */,
				6B3EDF70267D0FE500198C87 /* Info.plist */,
			);
			path = SmartNotepadUITests;
			sourceTree = "<group>";
		};
/* End PBXGroup section */

/* Begin PBXNativeTarget section */
		6B3EDF48267D0FE100198C87 /* SmartNotepad */ = {
			isa = PBXNativeTarget;
			buildConfigurationList = 6B3EDF73267D0FE500198C87 /* Build configuration list for PBXNativeTarget "SmartNotepad" */;
			buildPhases = (
				6B3EDF45267D0FE100198C87 /* Sources */,
				6B3EDF46267D0FE100198C87 /* Frameworks */,
				6B3EDF47267D0FE100198C87 /* Resources */,
			);
			buildRules = (
			);
			dependencies = (
			);
			name = SmartNotepad;
			productName = SmartNotepad;
			productReference = 6B3EDF49267D0FE100198C87 /* SmartNotepad.app */;
			productType = "com.apple.product-type.application";
		};
		6B3EDF5E267D0FE400198C87 /* SmartNotepadTests */ = {
			isa = PBXNativeTarget;
			buildConfigurationList = 6B3EDF76267D0FE500198C87 /* Build configuration list for PBXNativeTarget "SmartNotepadTests" */;
			buildPhases = (
				6B3EDF5B267D0FE400198C87 /* Sources */,
				6B3EDF5C267D0FE400198C87 /* Frameworks */,
				6B3EDF5D267D0FE400198C87 /* Resources */,
			);
			buildRules = (
			);
			dependencies = (
				6B3EDF61267D0FE400198C87 /* PBXTargetDependency */,
			);
			name = SmartNotepadTests;
			productName = SmartNotepadTests;
			productReference = 6B3EDF5F267D0FE400198C87 /* SmartNotepadTests.xctest */;
			productType = "com.apple.product-type.bundle.unit-test";
		};
		6B3EDF69267D0FE500198C87 /* SmartNotepadUITests */ = {
			isa = PBXNativeTarget;
			buildConfigurationList = 6B3EDF79267D0FE500198C87 /* Build configuration list for PBXNativeTarget "SmartNotepadUITests" */;
			buildPhases = (
				6B3EDF66267D0FE500198C87 /* Sources */,
				6B3EDF67267D0FE500198C87 /* Frameworks */,
				6B3EDF68267D0FE500198C87 /* Resources */,
			);
			buildRules = (
			);
			dependencies = (
				6B3EDF6C267D0FE500198C87 /* PBXTargetDependency */,
			);
			name = SmartNotepadUITests;
			productName = SmartNotepadUITests;
			productReference = 6B3EDF6A267D0FE500198C87 /* SmartNotepadUITests.xctest */;
			productType = "com.apple.product-type.bundle.ui-testing";
		};
/* End PBXNativeTarget section */

/* Begin PBXProject section */
		6B3EDF41267D0FE100198C87 /* Project object */ = {
			isa = PBXProject;
			attributes = {
				LastSwiftUpdateCheck = 1220;
				LastUpgradeCheck = 1220;
				TargetAttributes = {
					6B3EDF48267D0FE100198C87 = {
						CreatedOnToolsVersion = 12.2;
					};
					6B3EDF5E267D0FE400198C87 = {
						CreatedOnToolsVersion = 12.2;
						TestTargetID = 6B3EDF48267D0FE100198C87;
					};
					6B3EDF69267D0FE500198C87 = {
						CreatedOnToolsVersion = 12.2;
						TestTargetID = 6B3EDF48267D0FE100198C87;
					};
				};
			};
			buildConfigurationList = 6B3EDF44267D0FE100198C87 /* Build configuration list for PBXProject "SmartNotepad" */;
			compatibilityVersion = "Xcode 9.3";
			developmentRegion = en;
			hasScannedForEncodings = 0;
			knownRegions = (
				en,
				Base,
			);
			mainGroup = 6B3EDF40267D0FE100198C87;
			productRefGroup = 6B3EDF4A267D0FE100198C87 /* Products */;
			projectDirPath = "";
			projectRoot = "";
			targets = (
				6B3EDF48267D0FE100198C87 /* SmartNotepad */,
				6B3EDF5E267D0FE400198C87 /* SmartNotepadTests */,
				6B3EDF69267D0FE500198C87 /* SmartNotepadUITests */,
			);
		};
/* End PBXProject section */

/* Begin PBXResourcesBuildPhase section */
		6B3EDF47267D0FE100198C87 /* Resources */ = {
			isa = PBXResourcesBuildPhase;
			buildActionMask = 2147483647;
			files = (
				6B3EDF59267D0FE400198C87 /* LaunchScreen.storyboard in Resources */,
				6B3EDF56267D0FE400198C87 /* Assets.xcassets in Resources */,
				6B3EDF54267D0FE100198C87 /* Main.storyboard in Resources */,
			);
			runOnlyForDeploymentPostprocessing = 0;
		};
		6B3EDF5D267D0FE400198C87 /* Resources */ = {
			isa = PBXResourcesBuildPhase;
			buildActionMask = 2147483647;
			files = (
			);
			runOnlyForDeploymentPostprocessing = 0;
		};
		6B3EDF68267D0FE500198C87 /* Resources */ = {
			isa = PBXResourcesBuildPhase;
			buildActionMask = 2147483647;
			files = (
			);
			runOnlyForDeploymentPostprocessing = 0;
		};
/* End PBXResourcesBuildPhase section */

/* Begin PBXSourcesBuildPhase section */
		6B3EDF45267D0FE100198C87 /* Sources */ = {
			isa = PBXSourcesBuildPhase;
			buildActionMask = 2147483647;
			files = (
				6B3EDF51267D0FE100198C87 /* ViewController.swift in Sources */,
				6B3EDF4D267D0FE100198C87 /* AppDelegate.swift in Sources */,
				6B3EDF4F267D0FE100198C87 /* SceneDelegate.swift in Sources */,
			);
			runOnlyForDeploymentPostprocessing = 0;
		};
		6B3EDF5B267D0FE400198C87 /* Sources */ = {
			isa = PBXSourcesBuildPhase;
			buildActionMask = 2147483647;
			files = (
				6B3EDF64267D0FE400198C87 /* SmartNotepadTests.swift in Sources */,
			);
			runOnlyForDeploymentPostprocessing = 0;
		};
		6B3EDF66267D0FE500198C87 /* Sources */ = {
			isa = PBXSourcesBuildPhase;
			buildActionMask = 2147483647;
			files = (
				6B3EDF6F267D0FE500198C87 /* SmartNotepadUITests.swift in Sources */,
			);
			runOnlyForDeploymentPostprocessing = 0;
		};
/* End PBXSourcesBuildPhase section */

/* Begin PBXTargetDependency section */
		6B3EDF61267D0FE400198C87 /* PBXTargetDependency */ = {
			isa = PBXTargetDependency;
			target = 6B3EDF48267D0FE100198C87 /* SmartNotepad */;
			targetProxy = 6B3EDF60267D0FE400198C87 /* PBXContainerItemProxy */;
		};
		6B3EDF6C267D0FE500198C87 /* PBXTargetDependency */ = {
			isa = PBXTargetDependency;
			target = 6B3EDF48267D0FE100198C87 /* SmartNotepad */;
			targetProxy = 6B3EDF6B267D0FE500198C87 /* PBXContainerItemProxy */;
		};
/* End PBXTargetDependency section */

/* Begin PBXVariantGroup section */
		6B3EDF52267D0FE100198C87 /* Main.storyboard */ = {
			isa = PBXVariantGroup;
			children = (
				6B3EDF53267D0FE100198C87 /* Base */,
			);
			name = Main.storyboard;
			sourceTree = "<group>";
		};
		6B3EDF57267D0FE400198C87 /* LaunchScreen.storyboard */ = {
			isa = PBXVariantGroup;
			children = (
				6B3EDF58267D0FE400198C87 /* Base */,
			);
			name = LaunchScreen.storyboard;
			sourceTree = "<group>";
		};
/* End PBXVariantGroup section */

/* Begin XCBuildConfiguration section */
		6B3EDF71267D0FE500198C87 /* Debug */ = {
			isa = XCBuildConfiguration;
			buildSettings = {
				ALWAYS_SEARCH_USER_PATHS = NO;
				CLANG_ANALYZER_NONNULL = YES;
				CLANG_ANALYZER_NUMBER_OBJECT_CONVERSION = YES_AGGRESSIVE;
				CLANG_CXX_LANGUAGE_STANDARD = "gnu++14";
				CLANG_CXX_LIBRARY = "libc++";
				CLANG_ENABLE_MODULES = YES;
				CLANG_ENABLE_OBJC_ARC = YES;
				CLANG_ENABLE_OBJC_WEAK = YES;
				CLANG_WARN_BLOCK_CAPTURE_AUTORELEASING = YES;
				CLANG_WARN_BOOL_CONVERSION = YES;
				CLANG_WARN_COMMA = YES;
				CLANG_WARN_CONSTANT_CONVERSION = YES;
				CLANG_WARN_DEPRECATED_OBJC_IMPLEMENTATIONS = YES;
				CLANG_WARN_DIRECT_OBJC_ISA_USAGE = YES_ERROR;
				CLANG_WARN_DOCUMENTATION_COMMENTS = YES;
				CLANG_WARN_EMPTY_BODY = YES;
				CLANG_WARN_ENUM_CONVERSION = YES;
				CLANG_WARN_INFINITE_RECURSION = YES;
				CLANG_WARN_INT_CONVERSION = YES;
				CLANG_WARN_NON_LITERAL_NULL_CONVERSION = YES;
				CLANG_WARN_OBJC_IMPLICIT_RETAIN_SELF = YES;
				CLANG_WARN_OBJC_LITERAL_CONVERSION = YES;
				CLANG_WARN_OBJC_ROOT_CLASS = YES_ERROR;
				CLANG_WARN_QUOTED_INCLUDE_IN_FRAMEWORK_HEADER = YES;
				CLANG_WARN_RANGE_LOOP_ANALYSIS = YES;
				CLANG_WARN_STRICT_PROTOTYPES = YES;
				CLANG_WARN_SUSPICIOUS_MOVE = YES;
				CLANG_WARN_UNGUARDED_AVAILABILITY = YES_AGGRESSIVE;
				CLANG_WARN_UNREACHABLE_CODE = YES;
				CLANG_WARN__DUPLICATE_METHOD_MATCH = YES;
				COPY_PHASE_STRIP = NO;
				DEBUG_INFORMATION_FORMAT = dwarf;
				ENABLE_STRICT_OBJC_MSGSEND = YES;
				ENABLE_TESTABILITY = YES;
				GCC_C_LANGUAGE_STANDARD = gnu11;
				GCC_DYNAMIC_NO_PIC = NO;
				GCC_NO_COMMON_BLOCKS = YES;
				GCC_OPTIMIZATION_LEVEL = 0;
				GCC_PREPROCESSOR_DEFINITIONS = (
					"DEBUG=1",
					"$(inherited)",
				);
				GCC_WARN_64_TO_32_BIT_CONVERSION = YES;
				GCC_WARN_ABOUT_RETURN_TYPE = YES_ERROR;
				GCC_WARN_UNDECLARED_SELECTOR = YES;
				GCC_WARN_UNINITIALIZED_AUTOS = YES_AGGRESSIVE;
				GCC_WARN_UNUSED_FUNCTION = YES;
				GCC_WARN_UNUSED_VARIABLE = YES;
				IPHONEOS_DEPLOYMENT_TARGET = 14.2;
				MTL_ENABLE_DEBUG_INFO = INCLUDE_SOURCE;
				MTL_FAST_MATH = YES;
				ONLY_ACTIVE_ARCH = YES;
				SDKROOT = iphoneos;
				SWIFT_ACTIVE_COMPILATION_CONDITIONS = DEBUG;
				SWIFT_OPTIMIZATION_LEVEL = "-Onone";
			};
			name = Debug;
		};
		6B3EDF72267D0FE500198C87 /* Release */ = {
			isa = XCBuildConfiguration;
			buildSettings = {
				ALWAYS_SEARCH_USER_PATHS = NO;
				CLANG_ANALYZER_NONNULL = YES;
				CLANG_ANALYZER_NUMBER_OBJECT_CONVERSION = YES_AGGRESSIVE;
				CLANG_CXX_LANGUAGE_STANDARD = "gnu++14";
				CLANG_CXX_LIBRARY = "libc++";
				CLANG_ENABLE_MODULES = YES;
				CLANG_ENABLE_OBJC_ARC = YES;
				CLANG_ENABLE_OBJC_WEAK = YES;
				CLANG_WARN_BLOCK_CAPTURE_AUTORELEASING = YES;
				CLANG_WARN_BOOL_CONVERSION = YES;
				CLANG_WARN_COMMA = YES;
				CLANG_WARN_CONSTANT_CONVERSION = YES;
				CLANG_WARN_DEPRECATED_OBJC_IMPLEMENTATIONS = YES;
				CLANG_WARN_DIRECT_OBJC_ISA_USAGE = YES_ERROR;
				CLANG_WARN_DOCUMENTATION_COMMENTS = YES;
				CLANG_WARN_EMPTY_BODY = YES;
				CLANG_WARN_ENUM_CONVERSION = YES;
				CLANG_WARN_INFINITE_RECURSION = YES;
				CLANG_WARN_INT_CONVERSION = YES;
				CLANG_WARN_NON_LITERAL_NULL_CONVERSION = YES;
				CLANG_WARN_OBJC_IMPLICIT_RETAIN_SELF = YES;
				CLANG_WARN_OBJC_LITERAL_CONVERSION = YES;
				CLANG_WARN_OBJC_ROOT_CLASS = YES_ERROR;
				CLANG_WARN_QUOTED_INCLUDE_IN_FRAMEWORK_HEADER = YES;
				CLANG_WARN_RANGE_LOOP_ANALYSIS = YES;
				CLANG_WARN_STRICT_PROTOTYPES = YES;
				CLANG_WARN_SUSPICIOUS_MOVE = YES;
				CLANG_WARN_UNGUARDED_AVAILABILITY = YES_AGGRESSIVE;
				CLANG_WARN_UNREACHABLE_CODE = YES;
				CLANG_WARN__DUPLICATE_METHOD_MATCH = YES;
				COPY_PHASE_STRIP = NO;
				DEBUG_INFORMATION_FORMAT = "dwarf-with-dsym";
				ENABLE_NS_ASSERTIONS = NO;
				ENABLE_STRICT_OBJC_MSGSEND = YES;
				GCC_C_LANGUAGE_STANDARD = gnu11;
				GCC_NO_COMMON_BLOCKS = YES;
				GCC_WARN_64_TO_32_BIT_CONVERSION = YES;
				GCC_WARN_ABOUT_RETURN_TYPE = YES_ERROR;
				GCC_WARN_UNDECLARED_SELECTOR = YES;
				GCC_WARN_UNINITIALIZED_AUTOS = YES_AGGRESSIVE;
				GCC_WARN_UNUSED_FUNCTION = YES;
				GCC_WARN_UNUSED_VARIABLE = YES;
				IPHONEOS_DEPLOYMENT_TARGET = 14.2;
				MTL_ENABLE_DEBUG_INFO = NO;
				MTL_FAST_MATH = YES;
				SDKROOT = iphoneos;
				SWIFT_COMPILATION_MODE = wholemodule;
				SWIFT_OPTIMIZATION_LEVEL = "-O";
				VALIDATE_PRODUCT = YES;
			};
			name = Release;
		};
		6B3EDF74267D0FE500198C87 /* Debug */ = {
			isa = XCBuildConfiguration;
			buildSettings = {
				ASSETCATALOG_COMPILER_APPICON_NAME = AppIcon;
				ASSETCATALOG_COMPILER_GLOBAL_ACCENT_COLOR_NAME = AccentColor;
				CODE_SIGN_STYLE = Automatic;
				DEVELOPMENT_TEAM = BYWLC6SC4C;
				INFOPLIST_FILE = SmartNotepad/Info.plist;
				LD_RUNPATH_SEARCH_PATHS = (
					"$(inherited)",
					"@executable_path/Frameworks",
				);
				PRODUCT_BUNDLE_IDENTIFIER = com.Hadeer.SmartNotepad;
				PRODUCT_NAME = "$(TARGET_NAME)";
				SWIFT_VERSION = 5.0;
				TARGETED_DEVICE_FAMILY = "1,2";
			};
			name = Debug;
		};
		6B3EDF75267D0FE500198C87 /* Release */ = {
			isa = XCBuildConfiguration;
			buildSettings = {
				ASSETCATALOG_COMPILER_APPICON_NAME = AppIcon;
				ASSETCATALOG_COMPILER_GLOBAL_ACCENT_COLOR_NAME = AccentColor;
				CODE_SIGN_STYLE = Automatic;
				DEVELOPMENT_TEAM = BYWLC6SC4C;
				INFOPLIST_FILE = SmartNotepad/Info.plist;
				LD_RUNPATH_SEARCH_PATHS = (
					"$(inherited)",
					"@executable_path/Frameworks",
				);
				PRODUCT_BUNDLE_IDENTIFIER = com.Hadeer.SmartNotepad;
				PRODUCT_NAME = "$(TARGET_NAME)";
				SWIFT_VERSION = 5.0;
				TARGETED_DEVICE_FAMILY = "1,2";
			};
			name = Release;
		};
		6B3EDF77267D0FE500198C87 /* Debug */ = {
			isa = XCBuildConfiguration;
			buildSettings = {
				ALWAYS_EMBED_SWIFT_STANDARD_LIBRARIES = YES;
				BUNDLE_LOADER = "$(TEST_HOST)";
				CODE_SIGN_STYLE = Automatic;
				DEVELOPMENT_TEAM = BYWLC6SC4C;
				INFOPLIST_FILE = SmartNotepadTests/Info.plist;
				IPHONEOS_DEPLOYMENT_TARGET = 14.2;
				LD_RUNPATH_SEARCH_PATHS = (
					"$(inherited)",
					"@executable_path/Frameworks",
					"@loader_path/Frameworks",
				);
				PRODUCT_BUNDLE_IDENTIFIER = com.Hadeer.SmartNotepadTests;
				PRODUCT_NAME = "$(TARGET_NAME)";
				SWIFT_VERSION = 5.0;
				TARGETED_DEVICE_FAMILY = "1,2";
				TEST_HOST = "$(BUILT_PRODUCTS_DIR)/SmartNotepad.app/SmartNotepad";
			};
			name = Debug;
		};
		6B3EDF78267D0FE500198C87 /* Release */ = {
			isa = XCBuildConfiguration;
			buildSettings = {
				ALWAYS_EMBED_SWIFT_STANDARD_LIBRARIES = YES;
				BUNDLE_LOADER = "$(TEST_HOST)";
				CODE_SIGN_STYLE = Automatic;
				DEVELOPMENT_TEAM = BYWLC6SC4C;
				INFOPLIST_FILE = SmartNotepadTests/Info.plist;
				IPHONEOS_DEPLOYMENT_TARGET = 14.2;
				LD_RUNPATH_SEARCH_PATHS = (
					"$(inherited)",
					"@executable_path/Frameworks",
					"@loader_path/Frameworks",
				);
				PRODUCT_BUNDLE_IDENTIFIER = com.Hadeer.SmartNotepadTests;
				PRODUCT_NAME = "$(TARGET_NAME)";
				SWIFT_VERSION = 5.0;
				TARGETED_DEVICE_FAMILY = "1,2";
				TEST_HOST = "$(BUILT_PRODUCTS_DIR)/SmartNotepad.app/SmartNotepad";
			};
			name = Release;
		};
		6B3EDF7A267D0FE500198C87 /* Debug */ = {
			isa = XCBuildConfiguration;
			buildSettings = {
				ALWAYS_EMBED_SWIFT_STANDARD_LIBRARIES = YES;
				CODE_SIGN_STYLE = Automatic;
				DEVELOPMENT_TEAM = BYWLC6SC4C;
				INFOPLIST_FILE = SmartNotepadUITests/Info.plist;
				LD_RUNPATH_SEARCH_PATHS = (
					"$(inherited)",
					"@executable_path/Frameworks",
					"@loader_path/Frameworks",
				);
				PRODUCT_BUNDLE_IDENTIFIER = com.Hadeer.SmartNotepadUITests;
				PRODUCT_NAME = "$(TARGET_NAME)";
				SWIFT_VERSION = 5.0;
				TARGETED_DEVICE_FAMILY = "1,2";
				TEST_TARGET_NAME = SmartNotepad;
			};
			name = Debug;
		};
		6B3EDF7B267D0FE500198C87 /* Release */ = {
			isa = XCBuildConfiguration;
			buildSettings = {
				ALWAYS_EMBED_SWIFT_STANDARD_LIBRARIES = YES;
				CODE_SIGN_STYLE = Automatic;
				DEVELOPMENT_TEAM = BYWLC6SC4C;
				INFOPLIST_FILE = SmartNotepadUITests/Info.plist;
				LD_RUNPATH_SEARCH_PATHS = (
					"$(inherited)",
					"@executable_path/Frameworks",
					"@loader_path/Frameworks",
				);
				PRODUCT_BUNDLE_IDENTIFIER = com.Hadeer.SmartNotepadUITests;
				PRODUCT_NAME = "$(TARGET_NAME)";
				SWIFT_VERSION = 5.0;
				TARGETED_DEVICE_FAMILY = "1,2";
				TEST_TARGET_NAME = SmartNotepad;
			};
			name = Release;
		};
/* End XCBuildConfiguration section */

/* Begin XCConfigurationList section */
		6B3EDF44267D0FE100198C87 /* Build configuration list for PBXProject "SmartNotepad" */ = {
			isa = XCConfigurationList;
			buildConfigurations = (
				6B3EDF71267D0FE500198C87 /* Debug */,
				6B3EDF72267D0FE500198C87 /* Release */,
			);
			defaultConfigurationIsVisible = 0;
			defaultConfigurationName = Release;
		};
		6B3EDF73267D0FE500198C87 /* Build configuration list for PBXNativeTarget "SmartNotepad" */ = {
			isa = XCConfigurationList;
			buildConfigurations = (
				6B3EDF74267D0FE500198C87 /* Debug */,
				6B3EDF75267D0FE500198C87 /* Release */,
			);
			defaultConfigurationIsVisible = 0;
			defaultConfigurationName = Release;
		};
		6B3EDF76267D0FE500198C87 /* Build configuration list for PBXNativeTarget "SmartNotepadTests" */ = {
			isa = XCConfigurationList;
			buildConfigurations = (
				6B3EDF77267D0FE500198C87 /* Debug */,
				6B3EDF78267D0FE500198C87 /* Release */,
			);
			defaultConfigurationIsVisible = 0;
			defaultConfigurationName = Release;
		};
		6B3EDF79267D0FE500198C87 /* Build configuration list for PBXNativeTarget "SmartNotepadUITests" */ = {
			isa = XCConfigurationList;
			buildConfigurations = (
				6B3EDF7A267D0FE500198C87 /* Debug */,
				6B3EDF7B267D0FE500198C87 /* Release */,
			);
			defaultConfigurationIsVisible = 0;
			defaultConfigurationName = Release;
		};
/* End XCConfigurationList section */
	};
	rootObject = 6B3EDF41267D0FE100198C87 /* Project object */;
}
