// !$*UTF8*$!
{
	archiveVersion = 1;
	classes = {
	};
	objectVersion = 51;
	objects = {

/* Begin PBXBuildFile section */
		6B3EDF4D267D0FE100198C87 /* AppDelegate.swift in Sources */ = {isa = PBXBuildFile; fileRef = 6B3EDF4C267D0FE100198C87 /* AppDelegate.swift */; };
		6B3EDF56267D0FE400198C87 /* Assets.xcassets in Resources */ = {isa = PBXBuildFile; fileRef = 6B3EDF55267D0FE400198C87 /* Assets.xcassets */; };
		6B3EDF59267D0FE400198C87 /* LaunchScreen.storyboard in Resources */ = {isa = PBXBuildFile; fileRef = 6B3EDF57267D0FE400198C87 /* LaunchScreen.storyboard */; };
		6B3EDF64267D0FE400198C87 /* SmartNotepadTests.swift in Sources */ = {isa = PBXBuildFile; fileRef = 6B3EDF63267D0FE400198C87 /* SmartNotepadTests.swift */; };
		6B3EDF93267D229A00198C87 /* NotesVC.swift in Sources */ = {isa = PBXBuildFile; fileRef = 6B3EDF92267D229A00198C87 /* NotesVC.swift */; };
		6B3EDFA1267D251000198C87 /* BaseViewProtocol.swift in Sources */ = {isa = PBXBuildFile; fileRef = 6B3EDF9B267D251000198C87 /* BaseViewProtocol.swift */; };
		6B3EDFA5267D251000198C87 /* Alert.swift in Sources */ = {isa = PBXBuildFile; fileRef = 6B3EDF9F267D251000198C87 /* Alert.swift */; };
		6B3EDFD7267D258600198C87 /* LocalizationSystem.swift in Sources */ = {isa = PBXBuildFile; fileRef = 6B3EDFB3267D258500198C87 /* LocalizationSystem.swift */; };
		6B3EDFD8267D258600198C87 /* LangaugeManager.swift in Sources */ = {isa = PBXBuildFile; fileRef = 6B3EDFB4267D258500198C87 /* LangaugeManager.swift */; };
		6B3EDFDB267D258600198C87 /* CustomViewAnchors.swift in Sources */ = {isa = PBXBuildFile; fileRef = 6B3EDFBA267D258500198C87 /* CustomViewAnchors.swift */; };
		6B3EDFDC267D258600198C87 /* ImageSelector.swift in Sources */ = {isa = PBXBuildFile; fileRef = 6B3EDFBD267D258500198C87 /* ImageSelector.swift */; };
		6B3EDFDD267D258600198C87 /* ImageSelectorImpl.swift in Sources */ = {isa = PBXBuildFile; fileRef = 6B3EDFBE267D258500198C87 /* ImageSelectorImpl.swift */; };
		6B3EDFE1267D258600198C87 /* UIButtonExtension.swift in Sources */ = {isa = PBXBuildFile; fileRef = 6B3EDFC3267D258500198C87 /* UIButtonExtension.swift */; };
		6B3EDFE2267D258600198C87 /* UIViewExtention.swift in Sources */ = {isa = PBXBuildFile; fileRef = 6B3EDFC4267D258500198C87 /* UIViewExtention.swift */; };
		6B3EDFE9267D258600198C87 /* ActivityIndicator.swift in Sources */ = {isa = PBXBuildFile; fileRef = 6B3EDFCC267D258600198C87 /* ActivityIndicator.swift */; };
		6B3EE003267D26B400198C87 /* Localized.strings in Resources */ = {isa = PBXBuildFile; fileRef = 6B3EE002267D26B400198C87 /* Localized.strings */; };
		6B3EE011267D27D700198C87 /* StringExtension.swift in Sources */ = {isa = PBXBuildFile; fileRef = 6B3EE010267D27D700198C87 /* StringExtension.swift */; };
		6B3EE015267D27F200198C87 /* UIConstants.swift in Sources */ = {isa = PBXBuildFile; fileRef = 6B3EE014267D27F200198C87 /* UIConstants.swift */; };
		6B3EE025267D387C00198C87 /* NoteTableViewCell.swift in Sources */ = {isa = PBXBuildFile; fileRef = 6B3EE024267D387C00198C87 /* NoteTableViewCell.swift */; };
		6B3EE02B267D4F3000198C87 /* RoundedImageView.swift in Sources */ = {isa = PBXBuildFile; fileRef = 6B3EE02A267D4F3000198C87 /* RoundedImageView.swift */; };
		6B3EE035267DE96100198C87 /* NoNotesTableViewCell.swift in Sources */ = {isa = PBXBuildFile; fileRef = 6B3EE034267DE96100198C87 /* NoNotesTableViewCell.swift */; };
		6B3EE03A267E0B0300198C87 /* NoteDetailsView.swift in Sources */ = {isa = PBXBuildFile; fileRef = 6B3EE039267E0B0300198C87 /* NoteDetailsView.swift */; };
		6B3EE040267E0B1300198C87 /* NoteDetailsVC.swift in Sources */ = {isa = PBXBuildFile; fileRef = 6B3EE03F267E0B1300198C87 /* NoteDetailsVC.swift */; };
		6B3EE04A267E6F7B00198C87 /* LocationManager.swift in Sources */ = {isa = PBXBuildFile; fileRef = 6B3EE049267E6F7B00198C87 /* LocationManager.swift */; };
		6B3EE04F267E7E5100198C87 /* NoteDetailsVC+ImageSelectorDelegate.swift in Sources */ = {isa = PBXBuildFile; fileRef = 6B3EE04E267E7E5100198C87 /* NoteDetailsVC+ImageSelectorDelegate.swift */; };
		6B3EE053267E7EA900198C87 /* NoteDetailsVC+LocationManagerDelegate.swift in Sources */ = {isa = PBXBuildFile; fileRef = 6B3EE052267E7EA900198C87 /* NoteDetailsVC+LocationManagerDelegate.swift */; };
		9EBE26D6FA6ED38A1900D2C8 /* Pods_SmartNotepadTests.framework in Frameworks */ = {isa = PBXBuildFile; fileRef = B6996CC27E59C27C9A3EFCDD /* Pods_SmartNotepadTests.framework */; };
		D664E012A75B8B680BF738AF /* Pods_SmartNotepad.framework in Frameworks */ = {isa = PBXBuildFile; fileRef = D1CBC13D7497FA74C04D611E /* Pods_SmartNotepad.framework */; };
/* End PBXBuildFile section */

/* Begin PBXContainerItemProxy section */
		6B3EDF60267D0FE400198C87 /* PBXContainerItemProxy */ = {
			isa = PBXContainerItemProxy;
			containerPortal = 6B3EDF41267D0FE100198C87 /* Project object */;
			proxyType = 1;
			remoteGlobalIDString = 6B3EDF48267D0FE100198C87;
			remoteInfo = SmartNotepad;
		};
/* End PBXContainerItemProxy section */

/* Begin PBXFileReference section */
		24364AEE1EB0B19D2B044081 /* Pods-SmartNotepadTests.debug.xcconfig */ = {isa = PBXFileReference; includeInIndex = 1; lastKnownFileType = text.xcconfig; name = "Pods-SmartNotepadTests.debug.xcconfig"; path = "Target Support Files/Pods-SmartNotepadTests/Pods-SmartNotepadTests.debug.xcconfig"; sourceTree = "<group>"; };
		5C23A6368831A6A499D43D9D /* Pods-SmartNotepadTests.release.xcconfig */ = {isa = PBXFileReference; includeInIndex = 1; lastKnownFileType = text.xcconfig; name = "Pods-SmartNotepadTests.release.xcconfig"; path = "Target Support Files/Pods-SmartNotepadTests/Pods-SmartNotepadTests.release.xcconfig"; sourceTree = "<group>"; };
		6B3EDF49267D0FE100198C87 /* SmartNotepad.app */ = {isa = PBXFileReference; explicitFileType = wrapper.application; includeInIndex = 0; path = SmartNotepad.app; sourceTree = BUILT_PRODUCTS_DIR; };
		6B3EDF4C267D0FE100198C87 /* AppDelegate.swift */ = {isa = PBXFileReference; lastKnownFileType = sourcecode.swift; path = AppDelegate.swift; sourceTree = "<group>"; };
		6B3EDF55267D0FE400198C87 /* Assets.xcassets */ = {isa = PBXFileReference; lastKnownFileType = folder.assetcatalog; path = Assets.xcassets; sourceTree = "<group>"; };
		6B3EDF58267D0FE400198C87 /* Base */ = {isa = PBXFileReference; lastKnownFileType = file.storyboard; name = Base; path = Base.lproj/LaunchScreen.storyboard; sourceTree = "<group>"; };
		6B3EDF5A267D0FE400198C87 /* Info.plist */ = {isa = PBXFileReference; lastKnownFileType = text.plist.xml; path = Info.plist; sourceTree = "<group>"; };
		6B3EDF5F267D0FE400198C87 /* SmartNotepadTests.xctest */ = {isa = PBXFileReference; explicitFileType = wrapper.cfbundle; includeInIndex = 0; path = SmartNotepadTests.xctest; sourceTree = BUILT_PRODUCTS_DIR; };
		6B3EDF63267D0FE400198C87 /* SmartNotepadTests.swift */ = {isa = PBXFileReference; lastKnownFileType = sourcecode.swift; path = SmartNotepadTests.swift; sourceTree = "<group>"; };
		6B3EDF65267D0FE400198C87 /* Info.plist */ = {isa = PBXFileReference; lastKnownFileType = text.plist.xml; path = Info.plist; sourceTree = "<group>"; };
		6B3EDF92267D229A00198C87 /* NotesVC.swift */ = {isa = PBXFileReference; lastKnownFileType = sourcecode.swift; path = NotesVC.swift; sourceTree = "<group>"; };
		6B3EDF9B267D251000198C87 /* BaseViewProtocol.swift */ = {isa = PBXFileReference; fileEncoding = 4; lastKnownFileType = sourcecode.swift; path = BaseViewProtocol.swift; sourceTree = "<group>"; };
		6B3EDF9F267D251000198C87 /* Alert.swift */ = {isa = PBXFileReference; fileEncoding = 4; lastKnownFileType = sourcecode.swift; path = Alert.swift; sourceTree = "<group>"; };
		6B3EDFB3267D258500198C87 /* LocalizationSystem.swift */ = {isa = PBXFileReference; fileEncoding = 4; lastKnownFileType = sourcecode.swift; path = LocalizationSystem.swift; sourceTree = "<group>"; };
		6B3EDFB4267D258500198C87 /* LangaugeManager.swift */ = {isa = PBXFileReference; fileEncoding = 4; lastKnownFileType = sourcecode.swift; path = LangaugeManager.swift; sourceTree = "<group>"; };
		6B3EDFBA267D258500198C87 /* CustomViewAnchors.swift */ = {isa = PBXFileReference; fileEncoding = 4; lastKnownFileType = sourcecode.swift; path = CustomViewAnchors.swift; sourceTree = "<group>"; };
		6B3EDFBD267D258500198C87 /* ImageSelector.swift */ = {isa = PBXFileReference; fileEncoding = 4; lastKnownFileType = sourcecode.swift; path = ImageSelector.swift; sourceTree = "<group>"; };
		6B3EDFBE267D258500198C87 /* ImageSelectorImpl.swift */ = {isa = PBXFileReference; fileEncoding = 4; lastKnownFileType = sourcecode.swift; path = ImageSelectorImpl.swift; sourceTree = "<group>"; };
		6B3EDFC3267D258500198C87 /* UIButtonExtension.swift */ = {isa = PBXFileReference; fileEncoding = 4; lastKnownFileType = sourcecode.swift; path = UIButtonExtension.swift; sourceTree = "<group>"; };
		6B3EDFC4267D258500198C87 /* UIViewExtention.swift */ = {isa = PBXFileReference; fileEncoding = 4; lastKnownFileType = sourcecode.swift; path = UIViewExtention.swift; sourceTree = "<group>"; };
		6B3EDFCC267D258600198C87 /* ActivityIndicator.swift */ = {isa = PBXFileReference; fileEncoding = 4; lastKnownFileType = sourcecode.swift; path = ActivityIndicator.swift; sourceTree = "<group>"; };
		6B3EE002267D26B400198C87 /* Localized.strings */ = {isa = PBXFileReference; lastKnownFileType = text.plist.strings; path = Localized.strings; sourceTree = "<group>"; };
		6B3EE006267D26C200198C87 /* ar */ = {isa = PBXFileReference; lastKnownFileType = text.plist.strings; name = ar; path = ar.lproj/LaunchScreen.strings; sourceTree = "<group>"; };
		6B3EE010267D27D700198C87 /* StringExtension.swift */ = {isa = PBXFileReference; lastKnownFileType = sourcecode.swift; path = StringExtension.swift; sourceTree = "<group>"; };
		6B3EE014267D27F200198C87 /* UIConstants.swift */ = {isa = PBXFileReference; lastKnownFileType = sourcecode.swift; path = UIConstants.swift; sourceTree = "<group>"; };
		6B3EE024267D387C00198C87 /* NoteTableViewCell.swift */ = {isa = PBXFileReference; lastKnownFileType = sourcecode.swift; path = NoteTableViewCell.swift; sourceTree = "<group>"; };
		6B3EE02A267D4F3000198C87 /* RoundedImageView.swift */ = {isa = PBXFileReference; lastKnownFileType = sourcecode.swift; path = RoundedImageView.swift; sourceTree = "<group>"; };
		6B3EE034267DE96100198C87 /* NoNotesTableViewCell.swift */ = {isa = PBXFileReference; lastKnownFileType = sourcecode.swift; path = NoNotesTableViewCell.swift; sourceTree = "<group>"; };
		6B3EE039267E0B0300198C87 /* NoteDetailsView.swift */ = {isa = PBXFileReference; lastKnownFileType = sourcecode.swift; path = NoteDetailsView.swift; sourceTree = "<group>"; };
		6B3EE03F267E0B1300198C87 /* NoteDetailsVC.swift */ = {isa = PBXFileReference; lastKnownFileType = sourcecode.swift; path = NoteDetailsVC.swift; sourceTree = "<group>"; };
		6B3EE049267E6F7B00198C87 /* LocationManager.swift */ = {isa = PBXFileReference; lastKnownFileType = sourcecode.swift; path = LocationManager.swift; sourceTree = "<group>"; };
		6B3EE04E267E7E5100198C87 /* NoteDetailsVC+ImageSelectorDelegate.swift */ = {isa = PBXFileReference; lastKnownFileType = sourcecode.swift; path = "NoteDetailsVC+ImageSelectorDelegate.swift"; sourceTree = "<group>"; };
		6B3EE052267E7EA900198C87 /* NoteDetailsVC+LocationManagerDelegate.swift */ = {isa = PBXFileReference; lastKnownFileType = sourcecode.swift; path = "NoteDetailsVC+LocationManagerDelegate.swift"; sourceTree = "<group>"; };
		86316C60455D2F4BFB7BC1E7 /* Pods-SmartNotepad.release.xcconfig */ = {isa = PBXFileReference; includeInIndex = 1; lastKnownFileType = text.xcconfig; name = "Pods-SmartNotepad.release.xcconfig"; path = "Target Support Files/Pods-SmartNotepad/Pods-SmartNotepad.release.xcconfig"; sourceTree = "<group>"; };
		B6996CC27E59C27C9A3EFCDD /* Pods_SmartNotepadTests.framework */ = {isa = PBXFileReference; explicitFileType = wrapper.framework; includeInIndex = 0; path = Pods_SmartNotepadTests.framework; sourceTree = BUILT_PRODUCTS_DIR; };
		D1CBC13D7497FA74C04D611E /* Pods_SmartNotepad.framework */ = {isa = PBXFileReference; explicitFileType = wrapper.framework; includeInIndex = 0; path = Pods_SmartNotepad.framework; sourceTree = BUILT_PRODUCTS_DIR; };
		EDBB09CA9DD4E1165E32D118 /* Pods-SmartNotepad.debug.xcconfig */ = {isa = PBXFileReference; includeInIndex = 1; lastKnownFileType = text.xcconfig; name = "Pods-SmartNotepad.debug.xcconfig"; path = "Target Support Files/Pods-SmartNotepad/Pods-SmartNotepad.debug.xcconfig"; sourceTree = "<group>"; };
/* End PBXFileReference section */

/* Begin PBXFrameworksBuildPhase section */
		6B3EDF46267D0FE100198C87 /* Frameworks */ = {
			isa = PBXFrameworksBuildPhase;
			buildActionMask = 2147483647;
			files = (
				D664E012A75B8B680BF738AF /* Pods_SmartNotepad.framework in Frameworks */,
			);
			runOnlyForDeploymentPostprocessing = 0;
		};
		6B3EDF5C267D0FE400198C87 /* Frameworks */ = {
			isa = PBXFrameworksBuildPhase;
			buildActionMask = 2147483647;
			files = (
				9EBE26D6FA6ED38A1900D2C8 /* Pods_SmartNotepadTests.framework in Frameworks */,
			);
			runOnlyForDeploymentPostprocessing = 0;
		};
/* End PBXFrameworksBuildPhase section */

/* Begin PBXGroup section */
		0FDE54434A81A1D64CCC7DFC /* Frameworks */ = {
			isa = PBXGroup;
			children = (
				D1CBC13D7497FA74C04D611E /* Pods_SmartNotepad.framework */,
				B6996CC27E59C27C9A3EFCDD /* Pods_SmartNotepadTests.framework */,
			);
			name = Frameworks;
			sourceTree = "<group>";
		};
		21022E437C2844DA4A2651DF /* Pods */ = {
			isa = PBXGroup;
			children = (
				EDBB09CA9DD4E1165E32D118 /* Pods-SmartNotepad.debug.xcconfig */,
				86316C60455D2F4BFB7BC1E7 /* Pods-SmartNotepad.release.xcconfig */,
				24364AEE1EB0B19D2B044081 /* Pods-SmartNotepadTests.debug.xcconfig */,
				5C23A6368831A6A499D43D9D /* Pods-SmartNotepadTests.release.xcconfig */,
			);
			path = Pods;
			sourceTree = "<group>";
		};
		6B3EDF40267D0FE100198C87 = {
			isa = PBXGroup;
			children = (
				6B3EDF4B267D0FE100198C87 /* SmartNotepad */,
				6B3EDF62267D0FE400198C87 /* SmartNotepadTests */,
				6B3EDF4A267D0FE100198C87 /* Products */,
				21022E437C2844DA4A2651DF /* Pods */,
				0FDE54434A81A1D64CCC7DFC /* Frameworks */,
			);
			sourceTree = "<group>";
		};
		6B3EDF4A267D0FE100198C87 /* Products */ = {
			isa = PBXGroup;
			children = (
				6B3EDF49267D0FE100198C87 /* SmartNotepad.app */,
				6B3EDF5F267D0FE400198C87 /* SmartNotepadTests.xctest */,
			);
			name = Products;
			sourceTree = "<group>";
		};
		6B3EDF4B267D0FE100198C87 /* SmartNotepad */ = {
			isa = PBXGroup;
			children = (
				6B3EDF90267D227600198C87 /* Scenes */,
				6B3EDFB1267D256500198C87 /* Externals */,
				6B3EDF9A267D24EE00198C87 /* General */,
				6B3EDF83267D21B000198C87 /* SupportFiles */,
			);
			path = SmartNotepad;
			sourceTree = "<group>";
		};
		6B3EDF62267D0FE400198C87 /* SmartNotepadTests */ = {
			isa = PBXGroup;
			children = (
				6B3EDF63267D0FE400198C87 /* SmartNotepadTests.swift */,
				6B3EDF65267D0FE400198C87 /* Info.plist */,
			);
			path = SmartNotepadTests;
			sourceTree = "<group>";
		};
		6B3EDF83267D21B000198C87 /* SupportFiles */ = {
			isa = PBXGroup;
			children = (
				6B3EDF5A267D0FE400198C87 /* Info.plist */,
				6B3EDF57267D0FE400198C87 /* LaunchScreen.storyboard */,
				6B3EDF4C267D0FE100198C87 /* AppDelegate.swift */,
				6B3EDF55267D0FE400198C87 /* Assets.xcassets */,
				6B3EE002267D26B400198C87 /* Localized.strings */,
				6B3EE014267D27F200198C87 /* UIConstants.swift */,
			);
			path = SupportFiles;
			sourceTree = "<group>";
		};
		6B3EDF90267D227600198C87 /* Scenes */ = {
			isa = PBXGroup;
			children = (
				6B3EE038267E0AE600198C87 /* NotesDetails */,
				6B3EDF91267D228700198C87 /* Notes */,
			);
			path = Scenes;
			sourceTree = "<group>";
		};
		6B3EDF91267D228700198C87 /* Notes */ = {
			isa = PBXGroup;
			children = (
				6B3EE023267D386800198C87 /* Cell */,
				6B3EDF92267D229A00198C87 /* NotesVC.swift */,
			);
			path = Notes;
			sourceTree = "<group>";
		};
		6B3EDF9A267D24EE00198C87 /* General */ = {
			isa = PBXGroup;
			children = (
				6B3EDF9F267D251000198C87 /* Alert.swift */,
				6B3EDF9B267D251000198C87 /* BaseViewProtocol.swift */,
			);
			path = General;
			sourceTree = "<group>";
		};
		6B3EDFB1267D256500198C87 /* Externals */ = {
			isa = PBXGroup;
			children = (
				6B3EDFB5267D258500198C87 /* Extensions */,
				6B3EDFB2267D258500198C87 /* Localization */,
				6B3EDFB8267D258500198C87 /* UIUtil */,
			);
			path = Externals;
			sourceTree = "<group>";
		};
		6B3EDFB2267D258500198C87 /* Localization */ = {
			isa = PBXGroup;
			children = (
				6B3EDFB3267D258500198C87 /* LocalizationSystem.swift */,
				6B3EDFB4267D258500198C87 /* LangaugeManager.swift */,
			);
			path = Localization;
			sourceTree = "<group>";
		};
		6B3EDFB5267D258500198C87 /* Extensions */ = {
			isa = PBXGroup;
			children = (
				6B3EE010267D27D700198C87 /* StringExtension.swift */,
			);
			path = Extensions;
			sourceTree = "<group>";
		};
		6B3EDFB8267D258500198C87 /* UIUtil */ = {
			isa = PBXGroup;
			children = (
				6B3EDFB9267D258500198C87 /* Constraints */,
				6B3EDFBB267D258500198C87 /* Libraries */,
				6B3EDFC2267D258500198C87 /* Extensions */,
				6B3EDFC9267D258600198C87 /* CustomViews */,
			);
			path = UIUtil;
			sourceTree = "<group>";
		};
		6B3EDFB9267D258500198C87 /* Constraints */ = {
			isa = PBXGroup;
			children = (
				6B3EDFBA267D258500198C87 /* CustomViewAnchors.swift */,
			);
			path = Constraints;
			sourceTree = "<group>";
		};
		6B3EDFBB267D258500198C87 /* Libraries */ = {
			isa = PBXGroup;
			children = (
				6B3EDFBC267D258500198C87 /* ImageSelector */,
			);
			path = Libraries;
			sourceTree = "<group>";
		};
		6B3EDFBC267D258500198C87 /* ImageSelector */ = {
			isa = PBXGroup;
			children = (
				6B3EDFBD267D258500198C87 /* ImageSelector.swift */,
				6B3EDFBE267D258500198C87 /* ImageSelectorImpl.swift */,
			);
			path = ImageSelector;
			sourceTree = "<group>";
		};
		6B3EDFC2267D258500198C87 /* Extensions */ = {
			isa = PBXGroup;
			children = (
				6B3EDFC3267D258500198C87 /* UIButtonExtension.swift */,
				6B3EDFC4267D258500198C87 /* UIViewExtention.swift */,
			);
			path = Extensions;
			sourceTree = "<group>";
		};
		6B3EDFC9267D258600198C87 /* CustomViews */ = {
			isa = PBXGroup;
			children = (
				6B3EDFCC267D258600198C87 /* ActivityIndicator.swift */,
				6B3EE02A267D4F3000198C87 /* RoundedImageView.swift */,
			);
			path = CustomViews;
			sourceTree = "<group>";
		};
		6B3EE023267D386800198C87 /* Cell */ = {
			isa = PBXGroup;
			children = (
				6B3EE024267D387C00198C87 /* NoteTableViewCell.swift */,
				6B3EE034267DE96100198C87 /* NoNotesTableViewCell.swift */,
			);
			path = Cell;
			sourceTree = "<group>";
		};
		6B3EE038267E0AE600198C87 /* NotesDetails */ = {
			isa = PBXGroup;
			children = (
				6B3EE04D267E7DE200198C87 /* Controller */,
				6B3EE039267E0B0300198C87 /* NoteDetailsView.swift */,
				6B3EE049267E6F7B00198C87 /* LocationManager.swift */,
			);
			path = NotesDetails;
			sourceTree = "<group>";
		};
		6B3EE04D267E7DE200198C87 /* Controller */ = {
			isa = PBXGroup;
			children = (
				6B3EE03F267E0B1300198C87 /* NoteDetailsVC.swift */,
				6B3EE04E267E7E5100198C87 /* NoteDetailsVC+ImageSelectorDelegate.swift */,
				6B3EE052267E7EA900198C87 /* NoteDetailsVC+LocationManagerDelegate.swift */,
			);
			path = Controller;
			sourceTree = "<group>";
		};
/* End PBXGroup section */

/* Begin PBXNativeTarget section */
		6B3EDF48267D0FE100198C87 /* SmartNotepad */ = {
			isa = PBXNativeTarget;
			buildConfigurationList = 6B3EDF73267D0FE500198C87 /* Build configuration list for PBXNativeTarget "SmartNotepad" */;
			buildPhases = (
				82EC8CE32312075B8EEE95F0 /* [CP] Check Pods Manifest.lock */,
				6B3EDF45267D0FE100198C87 /* Sources */,
				6B3EDF46267D0FE100198C87 /* Frameworks */,
				6B3EDF47267D0FE100198C87 /* Resources */,
				8F9F932BA099F52D51117D09 /* [CP] Embed Pods Frameworks */,
			);
			buildRules = (
			);
			dependencies = (
			);
			name = SmartNotepad;
			productName = SmartNotepad;
			productReference = 6B3EDF49267D0FE100198C87 /* SmartNotepad.app */;
			productType = "com.apple.product-type.application";
		};
		6B3EDF5E267D0FE400198C87 /* SmartNotepadTests */ = {
			isa = PBXNativeTarget;
			buildConfigurationList = 6B3EDF76267D0FE500198C87 /* Build configuration list for PBXNativeTarget "SmartNotepadTests" */;
			buildPhases = (
				3882CD643F0152FE0837B06E /* [CP] Check Pods Manifest.lock */,
				6B3EDF5B267D0FE400198C87 /* Sources */,
				6B3EDF5C267D0FE400198C87 /* Frameworks */,
				6B3EDF5D267D0FE400198C87 /* Resources */,
			);
			buildRules = (
			);
			dependencies = (
				6B3EDF61267D0FE400198C87 /* PBXTargetDependency */,
			);
			name = SmartNotepadTests;
			productName = SmartNotepadTests;
			productReference = 6B3EDF5F267D0FE400198C87 /* SmartNotepadTests.xctest */;
			productType = "com.apple.product-type.bundle.unit-test";
		};
/* End PBXNativeTarget section */

/* Begin PBXProject section */
		6B3EDF41267D0FE100198C87 /* Project object */ = {
			isa = PBXProject;
			attributes = {
				LastSwiftUpdateCheck = 1220;
				LastUpgradeCheck = 1220;
				TargetAttributes = {
					6B3EDF48267D0FE100198C87 = {
						CreatedOnToolsVersion = 12.2;
					};
					6B3EDF5E267D0FE400198C87 = {
						CreatedOnToolsVersion = 12.2;
						TestTargetID = 6B3EDF48267D0FE100198C87;
					};
				};
			};
			buildConfigurationList = 6B3EDF44267D0FE100198C87 /* Build configuration list for PBXProject "SmartNotepad" */;
			compatibilityVersion = "Xcode 9.3";
			developmentRegion = en;
			hasScannedForEncodings = 0;
			knownRegions = (
				en,
				Base,
				ar,
			);
			mainGroup = 6B3EDF40267D0FE100198C87;
			productRefGroup = 6B3EDF4A267D0FE100198C87 /* Products */;
			projectDirPath = "";
			projectRoot = "";
			targets = (
				6B3EDF48267D0FE100198C87 /* SmartNotepad */,
				6B3EDF5E267D0FE400198C87 /* SmartNotepadTests */,
			);
		};
/* End PBXProject section */

/* Begin PBXResourcesBuildPhase section */
		6B3EDF47267D0FE100198C87 /* Resources */ = {
			isa = PBXResourcesBuildPhase;
			buildActionMask = 2147483647;
			files = (
				6B3EE003267D26B400198C87 /* Localized.strings in Resources */,
				6B3EDF59267D0FE400198C87 /* LaunchScreen.storyboard in Resources */,
				6B3EDF56267D0FE400198C87 /* Assets.xcassets in Resources */,
			);
			runOnlyForDeploymentPostprocessing = 0;
		};
		6B3EDF5D267D0FE400198C87 /* Resources */ = {
			isa = PBXResourcesBuildPhase;
			buildActionMask = 2147483647;
			files = (
			);
			runOnlyForDeploymentPostprocessing = 0;
		};
/* End PBXResourcesBuildPhase section */

/* Begin PBXShellScriptBuildPhase section */
		3882CD643F0152FE0837B06E /* [CP] Check Pods Manifest.lock */ = {
			isa = PBXShellScriptBuildPhase;
			buildActionMask = 2147483647;
			files = (
			);
			inputFileListPaths = (
			);
			inputPaths = (
				"${PODS_PODFILE_DIR_PATH}/Podfile.lock",
				"${PODS_ROOT}/Manifest.lock",
			);
			name = "[CP] Check Pods Manifest.lock";
			outputFileListPaths = (
			);
			outputPaths = (
				"$(DERIVED_FILE_DIR)/Pods-SmartNotepadTests-checkManifestLockResult.txt",
			);
			runOnlyForDeploymentPostprocessing = 0;
			shellPath = /bin/sh;
			shellScript = "diff \"${PODS_PODFILE_DIR_PATH}/Podfile.lock\" \"${PODS_ROOT}/Manifest.lock\" > /dev/null\nif [ $? != 0 ] ; then\n    # print error to STDERR\n    echo \"error: The sandbox is not in sync with the Podfile.lock. Run 'pod install' or update your CocoaPods installation.\" >&2\n    exit 1\nfi\n# This output is used by Xcode 'outputs' to avoid re-running this script phase.\necho \"SUCCESS\" > \"${SCRIPT_OUTPUT_FILE_0}\"\n";
			showEnvVarsInLog = 0;
		};
		82EC8CE32312075B8EEE95F0 /* [CP] Check Pods Manifest.lock */ = {
			isa = PBXShellScriptBuildPhase;
			buildActionMask = 2147483647;
			files = (
			);
			inputFileListPaths = (
			);
			inputPaths = (
				"${PODS_PODFILE_DIR_PATH}/Podfile.lock",
				"${PODS_ROOT}/Manifest.lock",
			);
			name = "[CP] Check Pods Manifest.lock";
			outputFileListPaths = (
			);
			outputPaths = (
				"$(DERIVED_FILE_DIR)/Pods-SmartNotepad-checkManifestLockResult.txt",
			);
			runOnlyForDeploymentPostprocessing = 0;
			shellPath = /bin/sh;
			shellScript = "diff \"${PODS_PODFILE_DIR_PATH}/Podfile.lock\" \"${PODS_ROOT}/Manifest.lock\" > /dev/null\nif [ $? != 0 ] ; then\n    # print error to STDERR\n    echo \"error: The sandbox is not in sync with the Podfile.lock. Run 'pod install' or update your CocoaPods installation.\" >&2\n    exit 1\nfi\n# This output is used by Xcode 'outputs' to avoid re-running this script phase.\necho \"SUCCESS\" > \"${SCRIPT_OUTPUT_FILE_0}\"\n";
			showEnvVarsInLog = 0;
		};
		8F9F932BA099F52D51117D09 /* [CP] Embed Pods Frameworks */ = {
			isa = PBXShellScriptBuildPhase;
			buildActionMask = 2147483647;
			files = (
			);
			inputFileListPaths = (
				"${PODS_ROOT}/Target Support Files/Pods-SmartNotepad/Pods-SmartNotepad-frameworks-${CONFIGURATION}-input-files.xcfilelist",
			);
			name = "[CP] Embed Pods Frameworks";
			outputFileListPaths = (
				"${PODS_ROOT}/Target Support Files/Pods-SmartNotepad/Pods-SmartNotepad-frameworks-${CONFIGURATION}-output-files.xcfilelist",
			);
			runOnlyForDeploymentPostprocessing = 0;
			shellPath = /bin/sh;
			shellScript = "\"${PODS_ROOT}/Target Support Files/Pods-SmartNotepad/Pods-SmartNotepad-frameworks.sh\"\n";
			showEnvVarsInLog = 0;
		};
/* End PBXShellScriptBuildPhase section */

/* Begin PBXSourcesBuildPhase section */
		6B3EDF45267D0FE100198C87 /* Sources */ = {
			isa = PBXSourcesBuildPhase;
			buildActionMask = 2147483647;
			files = (
				6B3EDF4D267D0FE100198C87 /* AppDelegate.swift in Sources */,
				6B3EDFA1267D251000198C87 /* BaseViewProtocol.swift in Sources */,
				6B3EE015267D27F200198C87 /* UIConstants.swift in Sources */,
				6B3EDFE9267D258600198C87 /* ActivityIndicator.swift in Sources */,
				6B3EDF93267D229A00198C87 /* NotesVC.swift in Sources */,
				6B3EE03A267E0B0300198C87 /* NoteDetailsView.swift in Sources */,
				6B3EDFD8267D258600198C87 /* LangaugeManager.swift in Sources */,
				6B3EE040267E0B1300198C87 /* NoteDetailsVC.swift in Sources */,
				6B3EDFDB267D258600198C87 /* CustomViewAnchors.swift in Sources */,
				6B3EE053267E7EA900198C87 /* NoteDetailsVC+LocationManagerDelegate.swift in Sources */,
				6B3EDFD7267D258600198C87 /* LocalizationSystem.swift in Sources */,
				6B3EE04F267E7E5100198C87 /* NoteDetailsVC+ImageSelectorDelegate.swift in Sources */,
				6B3EDFE1267D258600198C87 /* UIButtonExtension.swift in Sources */,
				6B3EE02B267D4F3000198C87 /* RoundedImageView.swift in Sources */,
				6B3EE04A267E6F7B00198C87 /* LocationManager.swift in Sources */,
				6B3EE011267D27D700198C87 /* StringExtension.swift in Sources */,
				6B3EDFE2267D258600198C87 /* UIViewExtention.swift in Sources */,
				6B3EE025267D387C00198C87 /* NoteTableViewCell.swift in Sources */,
				6B3EE035267DE96100198C87 /* NoNotesTableViewCell.swift in Sources */,
				6B3EDFDD267D258600198C87 /* ImageSelectorImpl.swift in Sources */,
				6B3EDFA5267D251000198C87 /* Alert.swift in Sources */,
				6B3EDFDC267D258600198C87 /* ImageSelector.swift in Sources */,
			);
			runOnlyForDeploymentPostprocessing = 0;
		};
		6B3EDF5B267D0FE400198C87 /* Sources */ = {
			isa = PBXSourcesBuildPhase;
			buildActionMask = 2147483647;
			files = (
				6B3EDF64267D0FE400198C87 /* SmartNotepadTests.swift in Sources */,
			);
			runOnlyForDeploymentPostprocessing = 0;
		};
/* End PBXSourcesBuildPhase section */

/* Begin PBXTargetDependency section */
		6B3EDF61267D0FE400198C87 /* PBXTargetDependency */ = {
			isa = PBXTargetDependency;
			target = 6B3EDF48267D0FE100198C87 /* SmartNotepad */;
			targetProxy = 6B3EDF60267D0FE400198C87 /* PBXContainerItemProxy */;
		};
/* End PBXTargetDependency section */

/* Begin PBXVariantGroup section */
		6B3EDF57267D0FE400198C87 /* LaunchScreen.storyboard */ = {
			isa = PBXVariantGroup;
			children = (
				6B3EDF58267D0FE400198C87 /* Base */,
				6B3EE006267D26C200198C87 /* ar */,
			);
			name = LaunchScreen.storyboard;
			sourceTree = "<group>";
		};
/* End PBXVariantGroup section */

/* Begin XCBuildConfiguration section */
		6B3EDF71267D0FE500198C87 /* Debug */ = {
			isa = XCBuildConfiguration;
			buildSettings = {
				ALWAYS_SEARCH_USER_PATHS = NO;
				CLANG_ANALYZER_LOCALIZABILITY_NONLOCALIZED = YES;
				CLANG_ANALYZER_NONNULL = YES;
				CLANG_ANALYZER_NUMBER_OBJECT_CONVERSION = YES_AGGRESSIVE;
				CLANG_CXX_LANGUAGE_STANDARD = "gnu++14";
				CLANG_CXX_LIBRARY = "libc++";
				CLANG_ENABLE_MODULES = YES;
				CLANG_ENABLE_OBJC_ARC = YES;
				CLANG_ENABLE_OBJC_WEAK = YES;
				CLANG_WARN_BLOCK_CAPTURE_AUTORELEASING = YES;
				CLANG_WARN_BOOL_CONVERSION = YES;
				CLANG_WARN_COMMA = YES;
				CLANG_WARN_CONSTANT_CONVERSION = YES;
				CLANG_WARN_DEPRECATED_OBJC_IMPLEMENTATIONS = YES;
				CLANG_WARN_DIRECT_OBJC_ISA_USAGE = YES_ERROR;
				CLANG_WARN_DOCUMENTATION_COMMENTS = YES;
				CLANG_WARN_EMPTY_BODY = YES;
				CLANG_WARN_ENUM_CONVERSION = YES;
				CLANG_WARN_INFINITE_RECURSION = YES;
				CLANG_WARN_INT_CONVERSION = YES;
				CLANG_WARN_NON_LITERAL_NULL_CONVERSION = YES;
				CLANG_WARN_OBJC_IMPLICIT_RETAIN_SELF = YES;
				CLANG_WARN_OBJC_LITERAL_CONVERSION = YES;
				CLANG_WARN_OBJC_ROOT_CLASS = YES_ERROR;
				CLANG_WARN_QUOTED_INCLUDE_IN_FRAMEWORK_HEADER = YES;
				CLANG_WARN_RANGE_LOOP_ANALYSIS = YES;
				CLANG_WARN_STRICT_PROTOTYPES = YES;
				CLANG_WARN_SUSPICIOUS_MOVE = YES;
				CLANG_WARN_UNGUARDED_AVAILABILITY = YES_AGGRESSIVE;
				CLANG_WARN_UNREACHABLE_CODE = YES;
				CLANG_WARN__DUPLICATE_METHOD_MATCH = YES;
				COPY_PHASE_STRIP = NO;
				DEBUG_INFORMATION_FORMAT = dwarf;
				ENABLE_STRICT_OBJC_MSGSEND = YES;
				ENABLE_TESTABILITY = YES;
				GCC_C_LANGUAGE_STANDARD = gnu11;
				GCC_DYNAMIC_NO_PIC = NO;
				GCC_NO_COMMON_BLOCKS = YES;
				GCC_OPTIMIZATION_LEVEL = 0;
				GCC_PREPROCESSOR_DEFINITIONS = (
					"DEBUG=1",
					"$(inherited)",
				);
				GCC_WARN_64_TO_32_BIT_CONVERSION = YES;
				GCC_WARN_ABOUT_RETURN_TYPE = YES_ERROR;
				GCC_WARN_UNDECLARED_SELECTOR = YES;
				GCC_WARN_UNINITIALIZED_AUTOS = YES_AGGRESSIVE;
				GCC_WARN_UNUSED_FUNCTION = YES;
				GCC_WARN_UNUSED_VARIABLE = YES;
				IPHONEOS_DEPLOYMENT_TARGET = 14.2;
				MTL_ENABLE_DEBUG_INFO = INCLUDE_SOURCE;
				MTL_FAST_MATH = YES;
				ONLY_ACTIVE_ARCH = YES;
				SDKROOT = iphoneos;
				SWIFT_ACTIVE_COMPILATION_CONDITIONS = DEBUG;
				SWIFT_OPTIMIZATION_LEVEL = "-Onone";
			};
			name = Debug;
		};
		6B3EDF72267D0FE500198C87 /* Release */ = {
			isa = XCBuildConfiguration;
			buildSettings = {
				ALWAYS_SEARCH_USER_PATHS = NO;
				CLANG_ANALYZER_LOCALIZABILITY_NONLOCALIZED = YES;
				CLANG_ANALYZER_NONNULL = YES;
				CLANG_ANALYZER_NUMBER_OBJECT_CONVERSION = YES_AGGRESSIVE;
				CLANG_CXX_LANGUAGE_STANDARD = "gnu++14";
				CLANG_CXX_LIBRARY = "libc++";
				CLANG_ENABLE_MODULES = YES;
				CLANG_ENABLE_OBJC_ARC = YES;
				CLANG_ENABLE_OBJC_WEAK = YES;
				CLANG_WARN_BLOCK_CAPTURE_AUTORELEASING = YES;
				CLANG_WARN_BOOL_CONVERSION = YES;
				CLANG_WARN_COMMA = YES;
				CLANG_WARN_CONSTANT_CONVERSION = YES;
				CLANG_WARN_DEPRECATED_OBJC_IMPLEMENTATIONS = YES;
				CLANG_WARN_DIRECT_OBJC_ISA_USAGE = YES_ERROR;
				CLANG_WARN_DOCUMENTATION_COMMENTS = YES;
				CLANG_WARN_EMPTY_BODY = YES;
				CLANG_WARN_ENUM_CONVERSION = YES;
				CLANG_WARN_INFINITE_RECURSION = YES;
				CLANG_WARN_INT_CONVERSION = YES;
				CLANG_WARN_NON_LITERAL_NULL_CONVERSION = YES;
				CLANG_WARN_OBJC_IMPLICIT_RETAIN_SELF = YES;
				CLANG_WARN_OBJC_LITERAL_CONVERSION = YES;
				CLANG_WARN_OBJC_ROOT_CLASS = YES_ERROR;
				CLANG_WARN_QUOTED_INCLUDE_IN_FRAMEWORK_HEADER = YES;
				CLANG_WARN_RANGE_LOOP_ANALYSIS = YES;
				CLANG_WARN_STRICT_PROTOTYPES = YES;
				CLANG_WARN_SUSPICIOUS_MOVE = YES;
				CLANG_WARN_UNGUARDED_AVAILABILITY = YES_AGGRESSIVE;
				CLANG_WARN_UNREACHABLE_CODE = YES;
				CLANG_WARN__DUPLICATE_METHOD_MATCH = YES;
				COPY_PHASE_STRIP = NO;
				DEBUG_INFORMATION_FORMAT = "dwarf-with-dsym";
				ENABLE_NS_ASSERTIONS = NO;
				ENABLE_STRICT_OBJC_MSGSEND = YES;
				GCC_C_LANGUAGE_STANDARD = gnu11;
				GCC_NO_COMMON_BLOCKS = YES;
				GCC_WARN_64_TO_32_BIT_CONVERSION = YES;
				GCC_WARN_ABOUT_RETURN_TYPE = YES_ERROR;
				GCC_WARN_UNDECLARED_SELECTOR = YES;
				GCC_WARN_UNINITIALIZED_AUTOS = YES_AGGRESSIVE;
				GCC_WARN_UNUSED_FUNCTION = YES;
				GCC_WARN_UNUSED_VARIABLE = YES;
				IPHONEOS_DEPLOYMENT_TARGET = 14.2;
				MTL_ENABLE_DEBUG_INFO = NO;
				MTL_FAST_MATH = YES;
				SDKROOT = iphoneos;
				SWIFT_COMPILATION_MODE = wholemodule;
				SWIFT_OPTIMIZATION_LEVEL = "-O";
				VALIDATE_PRODUCT = YES;
			};
			name = Release;
		};
		6B3EDF74267D0FE500198C87 /* Debug */ = {
			isa = XCBuildConfiguration;
			baseConfigurationReference = EDBB09CA9DD4E1165E32D118 /* Pods-SmartNotepad.debug.xcconfig */;
			buildSettings = {
				ASSETCATALOG_COMPILER_APPICON_NAME = AppIcon;
				ASSETCATALOG_COMPILER_GLOBAL_ACCENT_COLOR_NAME = AccentColor;
				CODE_SIGN_STYLE = Automatic;
				DEVELOPMENT_TEAM = BYWLC6SC4C;
				INFOPLIST_FILE = "$(SRCROOT)/SmartNotepad/SupportFiles/Info.plist";
				IPHONEOS_DEPLOYMENT_TARGET = 13.0;
				LD_RUNPATH_SEARCH_PATHS = (
					"$(inherited)",
					"@executable_path/Frameworks",
				);
				PRODUCT_BUNDLE_IDENTIFIER = com.Hadeer.SmartNotepad;
				PRODUCT_NAME = "$(TARGET_NAME)";
				SWIFT_VERSION = 5.0;
				TARGETED_DEVICE_FAMILY = 1;
			};
			name = Debug;
		};
		6B3EDF75267D0FE500198C87 /* Release */ = {
			isa = XCBuildConfiguration;
			baseConfigurationReference = 86316C60455D2F4BFB7BC1E7 /* Pods-SmartNotepad.release.xcconfig */;
			buildSettings = {
				ASSETCATALOG_COMPILER_APPICON_NAME = AppIcon;
				ASSETCATALOG_COMPILER_GLOBAL_ACCENT_COLOR_NAME = AccentColor;
				CODE_SIGN_STYLE = Automatic;
				DEVELOPMENT_TEAM = BYWLC6SC4C;
				INFOPLIST_FILE = "$(SRCROOT)/SmartNotepad/SupportFiles/Info.plist";
				IPHONEOS_DEPLOYMENT_TARGET = 13.0;
				LD_RUNPATH_SEARCH_PATHS = (
					"$(inherited)",
					"@executable_path/Frameworks",
				);
				PRODUCT_BUNDLE_IDENTIFIER = com.Hadeer.SmartNotepad;
				PRODUCT_NAME = "$(TARGET_NAME)";
				SWIFT_VERSION = 5.0;
				TARGETED_DEVICE_FAMILY = 1;
			};
			name = Release;
		};
		6B3EDF77267D0FE500198C87 /* Debug */ = {
			isa = XCBuildConfiguration;
			baseConfigurationReference = 24364AEE1EB0B19D2B044081 /* Pods-SmartNotepadTests.debug.xcconfig */;
			buildSettings = {
				ALWAYS_EMBED_SWIFT_STANDARD_LIBRARIES = YES;
				BUNDLE_LOADER = "$(TEST_HOST)";
				CODE_SIGN_STYLE = Automatic;
				DEVELOPMENT_TEAM = BYWLC6SC4C;
				INFOPLIST_FILE = SmartNotepadTests/Info.plist;
				IPHONEOS_DEPLOYMENT_TARGET = 14.2;
				LD_RUNPATH_SEARCH_PATHS = (
					"$(inherited)",
					"@executable_path/Frameworks",
					"@loader_path/Frameworks",
				);
				PRODUCT_BUNDLE_IDENTIFIER = com.Hadeer.SmartNotepadTests;
				PRODUCT_NAME = "$(TARGET_NAME)";
				SWIFT_VERSION = 5.0;
				TARGETED_DEVICE_FAMILY = "1,2";
				TEST_HOST = "$(BUILT_PRODUCTS_DIR)/SmartNotepad.app/SmartNotepad";
			};
			name = Debug;
		};
		6B3EDF78267D0FE500198C87 /* Release */ = {
			isa = XCBuildConfiguration;
			baseConfigurationReference = 5C23A6368831A6A499D43D9D /* Pods-SmartNotepadTests.release.xcconfig */;
			buildSettings = {
				ALWAYS_EMBED_SWIFT_STANDARD_LIBRARIES = YES;
				BUNDLE_LOADER = "$(TEST_HOST)";
				CODE_SIGN_STYLE = Automatic;
				DEVELOPMENT_TEAM = BYWLC6SC4C;
				INFOPLIST_FILE = SmartNotepadTests/Info.plist;
				IPHONEOS_DEPLOYMENT_TARGET = 14.2;
				LD_RUNPATH_SEARCH_PATHS = (
					"$(inherited)",
					"@executable_path/Frameworks",
					"@loader_path/Frameworks",
				);
				PRODUCT_BUNDLE_IDENTIFIER = com.Hadeer.SmartNotepadTests;
				PRODUCT_NAME = "$(TARGET_NAME)";
				SWIFT_VERSION = 5.0;
				TARGETED_DEVICE_FAMILY = "1,2";
				TEST_HOST = "$(BUILT_PRODUCTS_DIR)/SmartNotepad.app/SmartNotepad";
			};
			name = Release;
		};
/* End XCBuildConfiguration section */

/* Begin XCConfigurationList section */
		6B3EDF44267D0FE100198C87 /* Build configuration list for PBXProject "SmartNotepad" */ = {
			isa = XCConfigurationList;
			buildConfigurations = (
				6B3EDF71267D0FE500198C87 /* Debug */,
				6B3EDF72267D0FE500198C87 /* Release */,
			);
			defaultConfigurationIsVisible = 0;
			defaultConfigurationName = Release;
		};
		6B3EDF73267D0FE500198C87 /* Build configuration list for PBXNativeTarget "SmartNotepad" */ = {
			isa = XCConfigurationList;
			buildConfigurations = (
				6B3EDF74267D0FE500198C87 /* Debug */,
				6B3EDF75267D0FE500198C87 /* Release */,
			);
			defaultConfigurationIsVisible = 0;
			defaultConfigurationName = Release;
		};
		6B3EDF76267D0FE500198C87 /* Build configuration list for PBXNativeTarget "SmartNotepadTests" */ = {
			isa = XCConfigurationList;
			buildConfigurations = (
				6B3EDF77267D0FE500198C87 /* Debug */,
				6B3EDF78267D0FE500198C87 /* Release */,
			);
			defaultConfigurationIsVisible = 0;
			defaultConfigurationName = Release;
		};
/* End XCConfigurationList section */
	};
	rootObject = 6B3EDF41267D0FE100198C87 /* Project object */;
}
